
Microsoft Visual Studio Solution File, Format Version 12.00
# Visual Studio Version 17
VisualStudioVersion = 17.7.34031.279
MinimumVisualStudioVersion = 10.0.40219.1
Project("{FAE04EC0-301F-11D3-BF4B-00C04F79EFBC}") = "AzureSamples.ServiceBus.FunctionApp", "src\AzureSamples.ServiceBus.FunctionApp\AzureSamples.ServiceBus.FunctionApp.csproj", "{596F9AA2-B8C1-4B44-AABF-BDA190059546}"
EndProject
Global
	GlobalSection(SolutionConfigurationPlatforms) = preSolution
		Debug|Any CPU = Debug|Any CPU
		Release|Any CPU = Release|Any CPU
	EndGlobalSection
	GlobalSection(ProjectConfigurationPlatforms) = postSolution
		{596F9AA2-B8C1-4B44-AABF-BDA190059546}.Debug|Any CPU.ActiveCfg = Debug|Any CPU
		{596F9AA2-B8C1-4B44-AABF-BDA190059546}.Debug|Any CPU.Build.0 = Debug|Any CPU
		{596F9AA2-B8C1-4B44-AABF-BDA190059546}.Release|Any CPU.ActiveCfg = Release|Any CPU
		{596F9AA2-B8C1-4B44-AABF-BDA190059546}.Release|Any CPU.Build.0 = Release|Any CPU
	EndGlobalSection
	GlobalSection(SolutionProperties) = preSolution
		HideSolutionNode = FALSE
	EndGlobalSection
	GlobalSection(ExtensibilityGlobals) = postSolution
		SolutionGuid = {EE679AEC-1EB6-498A-A45A-A397AE49E696}
	EndGlobalSection
EndGlobal
